
Microsoft Visual Studio Solution File, Format Version 12.00
# Visual Studio Version 16
VisualStudioVersion = 16.0.33328.57
MinimumVisualStudioVersion = 10.0.40219.1
Project("{FAE04EC0-301F-11D3-BF4B-00C04F79EFBC}") = "Snake", "Snake\Snake.csproj", "{A065D035-63F4-4E78-9072-8B4988221B9A}"
EndProject
Global
	GlobalSection(SolutionConfigurationPlatforms) = preSolution
		Debug|Any CPU = Debug|Any CPU
		Release|Any CPU = Release|Any CPU
	EndGlobalSection
	GlobalSection(ProjectConfigurationPlatforms) = postSolution
		{A065D035-63F4-4E78-9072-8B4988221B9A}.Debug|Any CPU.ActiveCfg = Debug|Any CPU
		{A065D035-63F4-4E78-9072-8B4988221B9A}.Debug|Any CPU.Build.0 = Debug|Any CPU
		{A065D035-63F4-4E78-9072-8B4988221B9A}.Release|Any CPU.ActiveCfg = Release|Any CPU
		{A065D035-63F4-4E78-9072-8B4988221B9A}.Release|Any CPU.Build.0 = Release|Any CPU
	EndGlobalSection
	GlobalSection(SolutionProperties) = preSolution
		HideSolutionNode = FALSE
	EndGlobalSection
	GlobalSection(ExtensibilityGlobals) = postSolution
		SolutionGuid = {AE122447-FB18-4882-ACE4-30B1EEDA363A}
	EndGlobalSection
EndGlobal
